
Microsoft Visual Studio Solution File, Format Version 12.00
# Visual Studio Version 17
VisualStudioVersion = 17.1.32319.34
MinimumVisualStudioVersion = 10.0.40219.1
Project("{9A19103F-16F7-4668-BE54-9A1E7A4F7556}") = "MewaAppBackend.WebApi", "MewaAppBackend.WebApi\MewaAppBackend.WebApi.csproj", "{59834CC1-E62C-438A-BD8D-CB4832F6C376}"
EndProject
Project("{9A19103F-16F7-4668-BE54-9A1E7A4F7556}") = "MewaAppBackend.Model", "MewaAppBackend.Model\MewaAppBackend.Model.csproj", "{51DF7583-63E5-4D20-AEDF-7BC429A7CA8D}"
EndProject
Project("{9A19103F-16F7-4668-BE54-9A1E7A4F7556}") = "MewaAppBackend.Services", "MewaAppBackend.Services\MewaAppBackend.Services.csproj", "{1F3B2773-A6FC-43AA-9467-A7D75E5B9348}"
EndProject
Project("{9A19103F-16F7-4668-BE54-9A1E7A4F7556}") = "MewaAppBackend.Business", "MewaAppBackend.Bussines\MewaAppBackend.Business.csproj", "{57D690E8-8E85-4E6A-828F-D517D70B13AE}"
EndProject
Project("{2150E333-8FDC-42A3-9474-1A3956D46DE8}") = "Solution Items", "Solution Items", "{C7C9AE33-9CA7-4AF0-A7B4-59CCF5715DDD}"
	ProjectSection(SolutionItems) = preProject
		README.md = README.md
	EndProjectSection
EndProject
Global
	GlobalSection(SolutionConfigurationPlatforms) = preSolution
		Debug|Any CPU = Debug|Any CPU
		Release|Any CPU = Release|Any CPU
	EndGlobalSection
	GlobalSection(ProjectConfigurationPlatforms) = postSolution
		{59834CC1-E62C-438A-BD8D-CB4832F6C376}.Debug|Any CPU.ActiveCfg = Debug|Any CPU
		{59834CC1-E62C-438A-BD8D-CB4832F6C376}.Debug|Any CPU.Build.0 = Debug|Any CPU
		{59834CC1-E62C-438A-BD8D-CB4832F6C376}.Release|Any CPU.ActiveCfg = Release|Any CPU
		{59834CC1-E62C-438A-BD8D-CB4832F6C376}.Release|Any CPU.Build.0 = Release|Any CPU
		{51DF7583-63E5-4D20-AEDF-7BC429A7CA8D}.Debug|Any CPU.ActiveCfg = Debug|Any CPU
		{51DF7583-63E5-4D20-AEDF-7BC429A7CA8D}.Debug|Any CPU.Build.0 = Debug|Any CPU
		{51DF7583-63E5-4D20-AEDF-7BC429A7CA8D}.Release|Any CPU.ActiveCfg = Release|Any CPU
		{51DF7583-63E5-4D20-AEDF-7BC429A7CA8D}.Release|Any CPU.Build.0 = Release|Any CPU
		{1F3B2773-A6FC-43AA-9467-A7D75E5B9348}.Debug|Any CPU.ActiveCfg = Debug|Any CPU
		{1F3B2773-A6FC-43AA-9467-A7D75E5B9348}.Debug|Any CPU.Build.0 = Debug|Any CPU
		{1F3B2773-A6FC-43AA-9467-A7D75E5B9348}.Release|Any CPU.ActiveCfg = Release|Any CPU
		{1F3B2773-A6FC-43AA-9467-A7D75E5B9348}.Release|Any CPU.Build.0 = Release|Any CPU
		{57D690E8-8E85-4E6A-828F-D517D70B13AE}.Debug|Any CPU.ActiveCfg = Debug|Any CPU
		{57D690E8-8E85-4E6A-828F-D517D70B13AE}.Debug|Any CPU.Build.0 = Debug|Any CPU
		{57D690E8-8E85-4E6A-828F-D517D70B13AE}.Release|Any CPU.ActiveCfg = Release|Any CPU
		{57D690E8-8E85-4E6A-828F-D517D70B13AE}.Release|Any CPU.Build.0 = Release|Any CPU
	EndGlobalSection
	GlobalSection(SolutionProperties) = preSolution
		HideSolutionNode = FALSE
	EndGlobalSection
	GlobalSection(ExtensibilityGlobals) = postSolution
		SolutionGuid = {01465F4F-DB82-4A11-B10F-AED2577B707E}
	EndGlobalSection
EndGlobal
